id: usrp_ble_phase_clock_select
label: phase_clock_select
category: '[usrp_ble]'

templates:
  imports: from gnuradio import usrp_ble
  make: usrp_ble.phase_clock_select()

inputs:
- label: iindex
  domain: message
  optional: 1
- label: in
  domain: stream
  dtype: complex
  multiplicity: 2

outputs:
- label: clock
  domain: message
  id: clock

file_format: 1
